# This file is automatically @generated by Cargo.
# It is not intended for manual editing.
version = 4

[[package]]
name = "cj0-f-candidate-b"
version = "0.1.0"

[[package]]
name = "cj0-f-candidate-e"
version = "0.1.0"

[[package]]
name = "cj0-f-matched-discriminator"
version = "0.1.0"
dependencies = [
 "cj0-f-candidate-b",
 "cj0-f-candidate-e",
]
